
Microsoft Visual Studio Solution File, Format Version 12.00
# Visual Studio 2013
VisualStudioVersion = 12.0.40629.0
MinimumVisualStudioVersion = 10.0.40219.1
Project("{FAE04EC0-301F-11D3-BF4B-00C04F79EFBC}") = "MecMauritius", "MecMauritius\MecMauritius.csproj", "{4F0397A1-7255-4E49-961E-50431E057B42}"
EndProject
Global
	GlobalSection(SolutionConfigurationPlatforms) = preSolution
		Debug|Any CPU = Debug|Any CPU
		Release|Any CPU = Release|Any CPU
	EndGlobalSection
	GlobalSection(ProjectConfigurationPlatforms) = postSolution
		{4F0397A1-7255-4E49-961E-50431E057B42}.Debug|Any CPU.ActiveCfg = Release|Any CPU
		{4F0397A1-7255-4E49-961E-50431E057B42}.Debug|Any CPU.Build.0 = Release|Any CPU
		{4F0397A1-7255-4E49-961E-50431E057B42}.Release|Any CPU.ActiveCfg = Release|Any CPU
		{4F0397A1-7255-4E49-961E-50431E057B42}.Release|Any CPU.Build.0 = Release|Any CPU
	EndGlobalSection
	GlobalSection(SolutionProperties) = preSolution
		HideSolutionNode = FALSE
	EndGlobalSection
EndGlobal
